{
    "_meta": {
        "hash": {
            "sha256": "b02d0a814e073d616a30cf8e637617e9be772de2ab7508d93f29fb57ac7dbb74"
        },
        "pipfile-spec": 6,
        "requires": {},
        "sources": [
            {
                "name": "pypi",
                "url": "https://pypi.python.org/simple",
                "verify_ssl": true
            }
        ]
    },
    "default": {
        "cachecontrol": {
            "hashes": [
                "sha256:a7d21ba4e3633d95ac9fed5be205ee6d1da36bdc4b8914eb7a57ff50b7e5628c"
            ],
            "index": "pypi",
            "version": "==0.12.4"
        },
        "certifi": {
            "hashes": [
                "sha256:13e698f54293db9f89122b0581843a782ad0934a4fe0172d2a980ba77fc61bb7",
                "sha256:9fa520c1bacfb634fa7af20a76bcbd3d5fb390481724c597da32c719a7dca4b0"
            ],
            "version": "==2018.4.16"
        },
        "chardet": {
            "hashes": [
                "sha256:84ab92ed1c4d4f16916e05906b6b75a6c0fb5db821cc65e70cbd64a3e2a5eaae",
                "sha256:fc323ffcaeaed0e0a02bf4d117757b98aed530d9ed4531e3e15460124c106691"
            ],
            "version": "==3.0.4"
        },
        "idna": {
            "hashes": [
                "sha256:2c6a5de3089009e3da7c5dde64a141dbc8551d5b7f6cf4ed7c2568d0cc520a8f",
                "sha256:8c7309c718f94b3a625cb648ace320157ad16ff131ae0af362c9f21b80ef6ec4"
            ],
            "version": "==2.6"
        },
        "lockfile": {
            "hashes": [
                "sha256:6aed02de03cba24efabcd600b30540140634fc06cfa603822d508d5361e9f799",
                "sha256:6c3cb24f344923d30b2785d5ad75182c8ea7ac1b6171b08657258ec7429d50fa"
            ],
            "version": "==0.12.2"
        },
        "msgpack-python": {
            "hashes": [
                "sha256:378cc8a6d3545b532dfd149da715abae4fda2a3adb6d74e525d0d5e51f46909b"
            ],
            "version": "==0.5.6"
        },
        "mwparserfromhell": {
            "hashes": [
                "sha256:2ab2822ffc965711f5350b44850d2e2d2c5b715acba0116787449475df6ff855",
                "sha256:3142ff4bafa587013aaf7e23f71ed5fa4e84fc119c1abc02cbaab7571db5691a",
                "sha256:50114436fc3eda52db46daed02848b0bc966ca7c5e6877a3de259df6f1023246",
                "sha256:6dbeb936d91f5eeb5c92591fb25a9225fab2ba4697d034d246c542f06702f181",
                "sha256:6e92c89e480c3c7c0533b5177692d899968dd44a2e826065578cfae63997d653",
                "sha256:71b22081bec43ac6bd2966506b8422c71a9603d83880aab727e7d0fd0fd0e2d4",
                "sha256:73f536a2514160f9d3186e144e271cc12dfaed129ac9ef5bed623273f5ced4a6",
                "sha256:8d7f2146940c333d5874592903b03e5e709beac526aaff94d01a4cf42397f498",
                "sha256:9ef3c5a0927cccad13533d80acff296edf7d6c05a57894b870948e1f3592d92e",
                "sha256:bbaacf6527b4fcb5485225f5a9b29b65b4edbf3d50aab372f58e80bb920953d9",
                "sha256:c4beaa1c790f19d6f8437be8d9e96dd49ec8146530d2ebe1e2a7d07b1a7c7e17"
            ],
            "index": "pypi",
            "version": "==0.5.1"
        },
        "pywikibot": {
            "hashes": [
                "sha256:12991fa517ba0841d512c154e8e408871c7d3553c55d8658778a19de182bdf0a"
            ],
            "index": "pypi",
            "version": "==3.0.20180505"
        },
        "requests": {
            "hashes": [
                "sha256:6a1b267aa90cac58ac3a765d067950e7dbbf75b1da07e895d1f594193a40a38b",
                "sha256:9c443e7324ba5b85070c4a818ade28bfabedf16ea10206da1132edaa6dda237e"
            ],
            "version": "==2.18.4"
        },
        "urllib3": {
            "hashes": [
                "sha256:06330f386d6e4b195fbfc736b297f58c5a892e4440e54d294d7004e3a9bbea1b",
                "sha256:cc44da8e1145637334317feebd728bd869a35285b93cbb4cca2577da7e62db4f"
            ],
            "version": "==1.22"
        }
    },
    "develop": {}
}
